// !$*UTF8*$!
{
	archiveVersion = 1;
	classes = {
	};
	objectVersion = 77;
	objects = {

/* Begin PBXBuildFile section */
		3C5F50652DDCF6A8003A6C2C /* Assets.xcassets in Resources */ = {isa = PBXBuildFile; fileRef = 3C5F505C2DDCF6A8003A6C2C /* Assets.xcassets */; };
		3C5F50672DDCF6A8003A6C2C /* LaunchScreen.storyboard in Resources */ = {isa = PBXBuildFile; fileRef = 3C5F505F2DDCF6A8003A6C2C /* LaunchScreen.storyboard */; };
		3C5F50682DDCF6A8003A6C2C /* Main.storyboard in Resources */ = {isa = PBXBuildFile; fileRef = 3C5F50612DDCF6A8003A6C2C /* Main.storyboard */; };
		3C5F50692DDCF6A8003A6C2C /* AppDelegate.swift in Sources */ = {isa = PBXBuildFile; fileRef = 3C5F505B2DDCF6A8003A6C2C /* AppDelegate.swift */; };
		3C5F506A2DDCF6A8003A6C2C /* SceneDelegate.swift in Sources */ = {isa = PBXBuildFile; fileRef = 3C5F50622DDCF6A8003A6C2C /* SceneDelegate.swift */; };
		3C5F506B2DDCF6A8003A6C2C /* ViewController.swift in Sources */ = {isa = PBXBuildFile; fileRef = 3C5F50632DDCF6A8003A6C2C /* ViewController.swift */; };
		3C5F506D2DDCFCC5003A6C2C /* NetworkManager.swift in Sources */ = {isa = PBXBuildFile; fileRef = 3C5F506C2DDCFCC0003A6C2C /* NetworkManager.swift */; };
		3C5F506F2DDCFE10003A6C2C /* PulseRingView.swift in Sources */ = {isa = PBXBuildFile; fileRef = 3C5F506E2DDCFE10003A6C2C /* PulseRingView.swift */; };
		3C5F50712DDD0536003A6C2C /* ViewModel.swift in Sources */ = {isa = PBXBuildFile; fileRef = 3C5F50702DDD0531003A6C2C /* ViewModel.swift */; };
		3C5F50732DDD060F003A6C2C /* ISPInfoService.swift in Sources */ = {isa = PBXBuildFile; fileRef = 3C5F50722DDD060E003A6C2C /* ISPInfoService.swift */; };
/* End PBXBuildFile section */

/* Begin PBXFileReference section */
		3C5F50432DDCF6A1003A6C2C /* SpeedTestApp.app */ = {isa = PBXFileReference; explicitFileType = wrapper.application; includeInIndex = 0; path = SpeedTestApp.app; sourceTree = BUILT_PRODUCTS_DIR; };
		3C5F505B2DDCF6A8003A6C2C /* AppDelegate.swift */ = {isa = PBXFileReference; lastKnownFileType = sourcecode.swift; path = AppDelegate.swift; sourceTree = "<group>"; };
		3C5F505C2DDCF6A8003A6C2C /* Assets.xcassets */ = {isa = PBXFileReference; lastKnownFileType = folder.assetcatalog; path = Assets.xcassets; sourceTree = "<group>"; };
		3C5F505D2DDCF6A8003A6C2C /* Info.plist */ = {isa = PBXFileReference; lastKnownFileType = text.plist.xml; path = Info.plist; sourceTree = "<group>"; };
		3C5F505E2DDCF6A8003A6C2C /* Base */ = {isa = PBXFileReference; lastKnownFileType = file.storyboard; name = Base; path = Base.lproj/LaunchScreen.storyboard; sourceTree = "<group>"; };
		3C5F50602DDCF6A8003A6C2C /* Base */ = {isa = PBXFileReference; lastKnownFileType = file.storyboard; name = Base; path = Base.lproj/Main.storyboard; sourceTree = "<group>"; };
		3C5F50622DDCF6A8003A6C2C /* SceneDelegate.swift */ = {isa = PBXFileReference; lastKnownFileType = sourcecode.swift; path = SceneDelegate.swift; sourceTree = "<group>"; };
		3C5F50632DDCF6A8003A6C2C /* ViewController.swift */ = {isa = PBXFileReference; lastKnownFileType = sourcecode.swift; path = ViewController.swift; sourceTree = "<group>"; };
		3C5F506C2DDCFCC0003A6C2C /* NetworkManager.swift */ = {isa = PBXFileReference; lastKnownFileType = sourcecode.swift; path = NetworkManager.swift; sourceTree = "<group>"; };
		3C5F506E2DDCFE10003A6C2C /* PulseRingView.swift */ = {isa = PBXFileReference; lastKnownFileType = sourcecode.swift; path = PulseRingView.swift; sourceTree = "<group>"; };
		3C5F50702DDD0531003A6C2C /* ViewModel.swift */ = {isa = PBXFileReference; lastKnownFileType = sourcecode.swift; path = ViewModel.swift; sourceTree = "<group>"; };
		3C5F50722DDD060E003A6C2C /* ISPInfoService.swift */ = {isa = PBXFileReference; lastKnownFileType = sourcecode.swift; path = ISPInfoService.swift; sourceTree = "<group>"; };
/* End PBXFileReference section */

/* Begin PBXFrameworksBuildPhase section */
		3C5F50402DDCF6A1003A6C2C /* Frameworks */ = {
			isa = PBXFrameworksBuildPhase;
			buildActionMask = 2147483647;
			files = (
			);
			runOnlyForDeploymentPostprocessing = 0;
		};
/* End PBXFrameworksBuildPhase section */

/* Begin PBXGroup section */
		3C5F503A2DDCF6A1003A6C2C = {
			isa = PBXGroup;
			children = (
				3C5F50642DDCF6A8003A6C2C /* SpeedTestApp */,
				3C5F50442DDCF6A1003A6C2C /* Products */,
			);
			sourceTree = "<group>";
		};
		3C5F50442DDCF6A1003A6C2C /* Products */ = {
			isa = PBXGroup;
			children = (
				3C5F50432DDCF6A1003A6C2C /* SpeedTestApp.app */,
			);
			name = Products;
			sourceTree = "<group>";
		};
		3C5F50642DDCF6A8003A6C2C /* SpeedTestApp */ = {
			isa = PBXGroup;
			children = (
				3C5F50782DDD0CE0003A6C2C /* AssetResources */,
				3C5F50752DDD0C3C003A6C2C /* Managers */,
				3C5F50742DDD0C27003A6C2C /* Utilities */,
				3C5F50762DDD0C4B003A6C2C /* ViewModel */,
				3C5F50792DDD0CF7003A6C2C /* ViewController */,
				3C5F507A2DDD0D05003A6C2C /* Storyboard */,
				3C5F50772DDD0C5F003A6C2C /* Application */,
			);
			path = SpeedTestApp;
			sourceTree = "<group>";
		};
		3C5F50742DDD0C27003A6C2C /* Utilities */ = {
			isa = PBXGroup;
			children = (
				3C5F506E2DDCFE10003A6C2C /* PulseRingView.swift */,
				3C5F50722DDD060E003A6C2C /* ISPInfoService.swift */,
			);
			path = Utilities;
			sourceTree = "<group>";
		};
		3C5F50752DDD0C3C003A6C2C /* Managers */ = {
			isa = PBXGroup;
			children = (
				3C5F506C2DDCFCC0003A6C2C /* NetworkManager.swift */,
			);
			path = Managers;
			sourceTree = "<group>";
		};
		3C5F50762DDD0C4B003A6C2C /* ViewModel */ = {
			isa = PBXGroup;
			children = (
				3C5F50702DDD0531003A6C2C /* ViewModel.swift */,
			);
			path = ViewModel;
			sourceTree = "<group>";
		};
		3C5F50772DDD0C5F003A6C2C /* Application */ = {
			isa = PBXGroup;
			children = (
				3C5F505D2DDCF6A8003A6C2C /* Info.plist */,
				3C5F50622DDCF6A8003A6C2C /* SceneDelegate.swift */,
				3C5F505B2DDCF6A8003A6C2C /* AppDelegate.swift */,
			);
			path = Application;
			sourceTree = "<group>";
		};
		3C5F50782DDD0CE0003A6C2C /* AssetResources */ = {
			isa = PBXGroup;
			children = (
				3C5F505C2DDCF6A8003A6C2C /* Assets.xcassets */,
			);
			path = AssetResources;
			sourceTree = "<group>";
		};
		3C5F50792DDD0CF7003A6C2C /* ViewController */ = {
			isa = PBXGroup;
			children = (
				3C5F50632DDCF6A8003A6C2C /* ViewController.swift */,
			);
			path = ViewController;
			sourceTree = "<group>";
		};
		3C5F507A2DDD0D05003A6C2C /* Storyboard */ = {
			isa = PBXGroup;
			children = (
				3C5F50612DDCF6A8003A6C2C /* Main.storyboard */,
				3C5F505F2DDCF6A8003A6C2C /* LaunchScreen.storyboard */,
			);
			path = Storyboard;
			sourceTree = "<group>";
		};
/* End PBXGroup section */

/* Begin PBXNativeTarget section */
		3C5F50422DDCF6A1003A6C2C /* SpeedTestApp */ = {
			isa = PBXNativeTarget;
			buildConfigurationList = 3C5F50562DDCF6A2003A6C2C /* Build configuration list for PBXNativeTarget "SpeedTestApp" */;
			buildPhases = (
				3C5F503F2DDCF6A1003A6C2C /* Sources */,
				3C5F50402DDCF6A1003A6C2C /* Frameworks */,
				3C5F50412DDCF6A1003A6C2C /* Resources */,
			);
			buildRules = (
			);
			dependencies = (
			);
			name = SpeedTestApp;
			packageProductDependencies = (
			);
			productName = SpeedTestApp;
			productReference = 3C5F50432DDCF6A1003A6C2C /* SpeedTestApp.app */;
			productType = "com.apple.product-type.application";
		};
/* End PBXNativeTarget section */

/* Begin PBXProject section */
		3C5F503B2DDCF6A1003A6C2C /* Project object */ = {
			isa = PBXProject;
			attributes = {
				BuildIndependentTargetsInParallel = 1;
				LastSwiftUpdateCheck = 1620;
				LastUpgradeCheck = 1620;
				TargetAttributes = {
					3C5F50422DDCF6A1003A6C2C = {
						CreatedOnToolsVersion = 16.2;
					};
				};
			};
			buildConfigurationList = 3C5F503E2DDCF6A1003A6C2C /* Build configuration list for PBXProject "SpeedTestApp" */;
			developmentRegion = en;
			hasScannedForEncodings = 0;
			knownRegions = (
				en,
				Base,
			);
			mainGroup = 3C5F503A2DDCF6A1003A6C2C;
			minimizedProjectReferenceProxies = 1;
			preferredProjectObjectVersion = 77;
			productRefGroup = 3C5F50442DDCF6A1003A6C2C /* Products */;
			projectDirPath = "";
			projectRoot = "";
			targets = (
				3C5F50422DDCF6A1003A6C2C /* SpeedTestApp */,
			);
		};
/* End PBXProject section */

/* Begin PBXResourcesBuildPhase section */
		3C5F50412DDCF6A1003A6C2C /* Resources */ = {
			isa = PBXResourcesBuildPhase;
			buildActionMask = 2147483647;
			files = (
				3C5F50652DDCF6A8003A6C2C /* Assets.xcassets in Resources */,
				3C5F50672DDCF6A8003A6C2C /* LaunchScreen.storyboard in Resources */,
				3C5F50682DDCF6A8003A6C2C /* Main.storyboard in Resources */,
			);
			runOnlyForDeploymentPostprocessing = 0;
		};
/* End PBXResourcesBuildPhase section */

/* Begin PBXSourcesBuildPhase section */
		3C5F503F2DDCF6A1003A6C2C /* Sources */ = {
			isa = PBXSourcesBuildPhase;
			buildActionMask = 2147483647;
			files = (
				3C5F506D2DDCFCC5003A6C2C /* NetworkManager.swift in Sources */,
				3C5F50732DDD060F003A6C2C /* ISPInfoService.swift in Sources */,
				3C5F50692DDCF6A8003A6C2C /* AppDelegate.swift in Sources */,
				3C5F506A2DDCF6A8003A6C2C /* SceneDelegate.swift in Sources */,
				3C5F506B2DDCF6A8003A6C2C /* ViewController.swift in Sources */,
				3C5F50712DDD0536003A6C2C /* ViewModel.swift in Sources */,
				3C5F506F2DDCFE10003A6C2C /* PulseRingView.swift in Sources */,
			);
			runOnlyForDeploymentPostprocessing = 0;
		};
/* End PBXSourcesBuildPhase section */

/* Begin PBXVariantGroup section */
		3C5F505F2DDCF6A8003A6C2C /* LaunchScreen.storyboard */ = {
			isa = PBXVariantGroup;
			children = (
				3C5F505E2DDCF6A8003A6C2C /* Base */,
			);
			name = LaunchScreen.storyboard;
			sourceTree = "<group>";
		};
		3C5F50612DDCF6A8003A6C2C /* Main.storyboard */ = {
			isa = PBXVariantGroup;
			children = (
				3C5F50602DDCF6A8003A6C2C /* Base */,
			);
			name = Main.storyboard;
			sourceTree = "<group>";
		};
/* End PBXVariantGroup section */

/* Begin XCBuildConfiguration section */
		3C5F50572DDCF6A2003A6C2C /* Debug */ = {
			isa = XCBuildConfiguration;
			buildSettings = {
				ASSETCATALOG_COMPILER_APPICON_NAME = AppIcon;
				ASSETCATALOG_COMPILER_GLOBAL_ACCENT_COLOR_NAME = AccentColor;
				CODE_SIGN_STYLE = Automatic;
				CURRENT_PROJECT_VERSION = 1;
				GENERATE_INFOPLIST_FILE = YES;
				INFOPLIST_FILE = SpeedTestApp/Application/Info.plist;
				INFOPLIST_KEY_UIApplicationSupportsIndirectInputEvents = YES;
				INFOPLIST_KEY_UILaunchStoryboardName = LaunchScreen;
				INFOPLIST_KEY_UIMainStoryboardFile = Main;
				INFOPLIST_KEY_UISupportedInterfaceOrientations_iPad = "UIInterfaceOrientationPortrait UIInterfaceOrientationPortraitUpsideDown UIInterfaceOrientationLandscapeLeft UIInterfaceOrientationLandscapeRight";
				INFOPLIST_KEY_UISupportedInterfaceOrientations_iPhone = "UIInterfaceOrientationPortrait UIInterfaceOrientationLandscapeLeft UIInterfaceOrientationLandscapeRight";
				LD_RUNPATH_SEARCH_PATHS = (
					"$(inherited)",
					"@executable_path/Frameworks",
				);
				MARKETING_VERSION = 1.0;
				PRODUCT_BUNDLE_IDENTIFIER = igniteApps.com.SpeedTestApp;
				PRODUCT_NAME = "$(TARGET_NAME)";
				SWIFT_EMIT_LOC_STRINGS = YES;
				SWIFT_VERSION = 5.0;
				TARGETED_DEVICE_FAMILY = "1,2";
			};
			name = Debug;
		};
		3C5F50582DDCF6A2003A6C2C /* Release */ = {
			isa = XCBuildConfiguration;
			buildSettings = {
				ASSETCATALOG_COMPILER_APPICON_NAME = AppIcon;
				ASSETCATALOG_COMPILER_GLOBAL_ACCENT_COLOR_NAME = AccentColor;
				CODE_SIGN_STYLE = Automatic;
				CURRENT_PROJECT_VERSION = 1;
				GENERATE_INFOPLIST_FILE = YES;
				INFOPLIST_FILE = SpeedTestApp/Application/Info.plist;
				INFOPLIST_KEY_UIApplicationSupportsIndirectInputEvents = YES;
				INFOPLIST_KEY_UILaunchStoryboardName = LaunchScreen;
				INFOPLIST_KEY_UIMainStoryboardFile = Main;
				INFOPLIST_KEY_UISupportedInterfaceOrientations_iPad = "UIInterfaceOrientationPortrait UIInterfaceOrientationPortraitUpsideDown UIInterfaceOrientationLandscapeLeft UIInterfaceOrientationLandscapeRight";
				INFOPLIST_KEY_UISupportedInterfaceOrientations_iPhone = "UIInterfaceOrientationPortrait UIInterfaceOrientationLandscapeLeft UIInterfaceOrientationLandscapeRight";
				LD_RUNPATH_SEARCH_PATHS = (
					"$(inherited)",
					"@executable_path/Frameworks",
				);
				MARKETING_VERSION = 1.0;
				PRODUCT_BUNDLE_IDENTIFIER = igniteApps.com.SpeedTestApp;
				PRODUCT_NAME = "$(TARGET_NAME)";
				SWIFT_EMIT_LOC_STRINGS = YES;
				SWIFT_VERSION = 5.0;
				TARGETED_DEVICE_FAMILY = "1,2";
			};
			name = Release;
		};
		3C5F50592DDCF6A2003A6C2C /* Debug */ = {
			isa = XCBuildConfiguration;
			buildSettings = {
				ALWAYS_SEARCH_USER_PATHS = NO;
				ASSETCATALOG_COMPILER_GENERATE_SWIFT_ASSET_SYMBOL_EXTENSIONS = YES;
				CLANG_ANALYZER_NONNULL = YES;
				CLANG_ANALYZER_NUMBER_OBJECT_CONVERSION = YES_AGGRESSIVE;
				CLANG_CXX_LANGUAGE_STANDARD = "gnu++20";
				CLANG_ENABLE_MODULES = YES;
				CLANG_ENABLE_OBJC_ARC = YES;
				CLANG_ENABLE_OBJC_WEAK = YES;
				CLANG_WARN_BLOCK_CAPTURE_AUTORELEASING = YES;
				CLANG_WARN_BOOL_CONVERSION = YES;
				CLANG_WARN_COMMA = YES;
				CLANG_WARN_CONSTANT_CONVERSION = YES;
				CLANG_WARN_DEPRECATED_OBJC_IMPLEMENTATIONS = YES;
				CLANG_WARN_DIRECT_OBJC_ISA_USAGE = YES_ERROR;
				CLANG_WARN_DOCUMENTATION_COMMENTS = YES;
				CLANG_WARN_EMPTY_BODY = YES;
				CLANG_WARN_ENUM_CONVERSION = YES;
				CLANG_WARN_INFINITE_RECURSION = YES;
				CLANG_WARN_INT_CONVERSION = YES;
				CLANG_WARN_NON_LITERAL_NULL_CONVERSION = YES;
				CLANG_WARN_OBJC_IMPLICIT_RETAIN_SELF = YES;
				CLANG_WARN_OBJC_LITERAL_CONVERSION = YES;
				CLANG_WARN_OBJC_ROOT_CLASS = YES_ERROR;
				CLANG_WARN_QUOTED_INCLUDE_IN_FRAMEWORK_HEADER = YES;
				CLANG_WARN_RANGE_LOOP_ANALYSIS = YES;
				CLANG_WARN_STRICT_PROTOTYPES = YES;
				CLANG_WARN_SUSPICIOUS_MOVE = YES;
				CLANG_WARN_UNGUARDED_AVAILABILITY = YES_AGGRESSIVE;
				CLANG_WARN_UNREACHABLE_CODE = YES;
				CLANG_WARN__DUPLICATE_METHOD_MATCH = YES;
				COPY_PHASE_STRIP = NO;
				DEBUG_INFORMATION_FORMAT = dwarf;
				ENABLE_STRICT_OBJC_MSGSEND = YES;
				ENABLE_TESTABILITY = YES;
				ENABLE_USER_SCRIPT_SANDBOXING = YES;
				GCC_C_LANGUAGE_STANDARD = gnu17;
				GCC_DYNAMIC_NO_PIC = NO;
				GCC_NO_COMMON_BLOCKS = YES;
				GCC_OPTIMIZATION_LEVEL = 0;
				GCC_PREPROCESSOR_DEFINITIONS = (
					"DEBUG=1",
					"$(inherited)",
				);
				GCC_WARN_64_TO_32_BIT_CONVERSION = YES;
				GCC_WARN_ABOUT_RETURN_TYPE = YES_ERROR;
				GCC_WARN_UNDECLARED_SELECTOR = YES;
				GCC_WARN_UNINITIALIZED_AUTOS = YES_AGGRESSIVE;
				GCC_WARN_UNUSED_FUNCTION = YES;
				GCC_WARN_UNUSED_VARIABLE = YES;
				IPHONEOS_DEPLOYMENT_TARGET = 18.2;
				LOCALIZATION_PREFERS_STRING_CATALOGS = YES;
				MTL_ENABLE_DEBUG_INFO = INCLUDE_SOURCE;
				MTL_FAST_MATH = YES;
				ONLY_ACTIVE_ARCH = YES;
				SDKROOT = iphoneos;
				SWIFT_ACTIVE_COMPILATION_CONDITIONS = "DEBUG $(inherited)";
				SWIFT_OPTIMIZATION_LEVEL = "-Onone";
			};
			name = Debug;
		};
		3C5F505A2DDCF6A2003A6C2C /* Release */ = {
			isa = XCBuildConfiguration;
			buildSettings = {
				ALWAYS_SEARCH_USER_PATHS = NO;
				ASSETCATALOG_COMPILER_GENERATE_SWIFT_ASSET_SYMBOL_EXTENSIONS = YES;
				CLANG_ANALYZER_NONNULL = YES;
				CLANG_ANALYZER_NUMBER_OBJECT_CONVERSION = YES_AGGRESSIVE;
				CLANG_CXX_LANGUAGE_STANDARD = "gnu++20";
				CLANG_ENABLE_MODULES = YES;
				CLANG_ENABLE_OBJC_ARC = YES;
				CLANG_ENABLE_OBJC_WEAK = YES;
				CLANG_WARN_BLOCK_CAPTURE_AUTORELEASING = YES;
				CLANG_WARN_BOOL_CONVERSION = YES;
				CLANG_WARN_COMMA = YES;
				CLANG_WARN_CONSTANT_CONVERSION = YES;
				CLANG_WARN_DEPRECATED_OBJC_IMPLEMENTATIONS = YES;
				CLANG_WARN_DIRECT_OBJC_ISA_USAGE = YES_ERROR;
				CLANG_WARN_DOCUMENTATION_COMMENTS = YES;
				CLANG_WARN_EMPTY_BODY = YES;
				CLANG_WARN_ENUM_CONVERSION = YES;
				CLANG_WARN_INFINITE_RECURSION = YES;
				CLANG_WARN_INT_CONVERSION = YES;
				CLANG_WARN_NON_LITERAL_NULL_CONVERSION = YES;
				CLANG_WARN_OBJC_IMPLICIT_RETAIN_SELF = YES;
				CLANG_WARN_OBJC_LITERAL_CONVERSION = YES;
				CLANG_WARN_OBJC_ROOT_CLASS = YES_ERROR;
				CLANG_WARN_QUOTED_INCLUDE_IN_FRAMEWORK_HEADER = YES;
				CLANG_WARN_RANGE_LOOP_ANALYSIS = YES;
				CLANG_WARN_STRICT_PROTOTYPES = YES;
				CLANG_WARN_SUSPICIOUS_MOVE = YES;
				CLANG_WARN_UNGUARDED_AVAILABILITY = YES_AGGRESSIVE;
				CLANG_WARN_UNREACHABLE_CODE = YES;
				CLANG_WARN__DUPLICATE_METHOD_MATCH = YES;
				COPY_PHASE_STRIP = NO;
				DEBUG_INFORMATION_FORMAT = "dwarf-with-dsym";
				ENABLE_NS_ASSERTIONS = NO;
				ENABLE_STRICT_OBJC_MSGSEND = YES;
				ENABLE_USER_SCRIPT_SANDBOXING = YES;
				GCC_C_LANGUAGE_STANDARD = gnu17;
				GCC_NO_COMMON_BLOCKS = YES;
				GCC_WARN_64_TO_32_BIT_CONVERSION = YES;
				GCC_WARN_ABOUT_RETURN_TYPE = YES_ERROR;
				GCC_WARN_UNDECLARED_SELECTOR = YES;
				GCC_WARN_UNINITIALIZED_AUTOS = YES_AGGRESSIVE;
				GCC_WARN_UNUSED_FUNCTION = YES;
				GCC_WARN_UNUSED_VARIABLE = YES;
				IPHONEOS_DEPLOYMENT_TARGET = 18.2;
				LOCALIZATION_PREFERS_STRING_CATALOGS = YES;
				MTL_ENABLE_DEBUG_INFO = NO;
				MTL_FAST_MATH = YES;
				SDKROOT = iphoneos;
				SWIFT_COMPILATION_MODE = wholemodule;
				VALIDATE_PRODUCT = YES;
			};
			name = Release;
		};
/* End XCBuildConfiguration section */

/* Begin XCConfigurationList section */
		3C5F503E2DDCF6A1003A6C2C /* Build configuration list for PBXProject "SpeedTestApp" */ = {
			isa = XCConfigurationList;
			buildConfigurations = (
				3C5F50592DDCF6A2003A6C2C /* Debug */,
				3C5F505A2DDCF6A2003A6C2C /* Release */,
			);
			defaultConfigurationIsVisible = 0;
			defaultConfigurationName = Release;
		};
		3C5F50562DDCF6A2003A6C2C /* Build configuration list for PBXNativeTarget "SpeedTestApp" */ = {
			isa = XCConfigurationList;
			buildConfigurations = (
				3C5F50572DDCF6A2003A6C2C /* Debug */,
				3C5F50582DDCF6A2003A6C2C /* Release */,
			);
			defaultConfigurationIsVisible = 0;
			defaultConfigurationName = Release;
		};
/* End XCConfigurationList section */
	};
	rootObject = 3C5F503B2DDCF6A1003A6C2C /* Project object */;
}
